
Microsoft Visual Studio Solution File, Format Version 12.00
# Visual Studio Version 17
VisualStudioVersion = 17.9.34728.123
MinimumVisualStudioVersion = 10.0.40219.1
Project("{FAE04EC0-301F-11D3-BF4B-00C04F79EFBC}") = "hackernews", "hackernews.csproj", "{58108EF9-DC2E-48C1-8602-C22D88992F13}"
EndProject
Project("{FAE04EC0-301F-11D3-BF4B-00C04F79EFBC}") = "hackernews.tests", "..\hackernews.tests\hackernews.tests.csproj", "{7C7C7BBA-2034-40EF-97B3-2EC015168CBA}"
EndProject
Global
	GlobalSection(SolutionConfigurationPlatforms) = preSolution
		Debug|Any CPU = Debug|Any CPU
		Release|Any CPU = Release|Any CPU
	EndGlobalSection
	GlobalSection(ProjectConfigurationPlatforms) = postSolution
		{58108EF9-DC2E-48C1-8602-C22D88992F13}.Debug|Any CPU.ActiveCfg = Debug|Any CPU
		{58108EF9-DC2E-48C1-8602-C22D88992F13}.Debug|Any CPU.Build.0 = Debug|Any CPU
		{58108EF9-DC2E-48C1-8602-C22D88992F13}.Release|Any CPU.ActiveCfg = Release|Any CPU
		{58108EF9-DC2E-48C1-8602-C22D88992F13}.Release|Any CPU.Build.0 = Release|Any CPU
		{7C7C7BBA-2034-40EF-97B3-2EC015168CBA}.Debug|Any CPU.ActiveCfg = Debug|Any CPU
		{7C7C7BBA-2034-40EF-97B3-2EC015168CBA}.Debug|Any CPU.Build.0 = Debug|Any CPU
		{7C7C7BBA-2034-40EF-97B3-2EC015168CBA}.Release|Any CPU.ActiveCfg = Release|Any CPU
		{7C7C7BBA-2034-40EF-97B3-2EC015168CBA}.Release|Any CPU.Build.0 = Release|Any CPU
	EndGlobalSection
	GlobalSection(SolutionProperties) = preSolution
		HideSolutionNode = FALSE
	EndGlobalSection
	GlobalSection(ExtensibilityGlobals) = postSolution
		SolutionGuid = {36C58C41-F9A3-4C84-841F-32D48D11E5D5}
	EndGlobalSection
EndGlobal
